
Microsoft Visual Studio Solution File, Format Version 12.00
# Visual Studio 15
VisualStudioVersion = 15.0.28307.1585
MinimumVisualStudioVersion = 10.0.40219.1
Project("{8BC9CEB8-8B4A-11D0-8D11-00A0C91BC942}") = "1.c++基础", "1.c++基础\1.c++基础.vcxproj", "{78D47FD8-5CF1-41B2-9860-39F0D39DBD74}"
EndProject
Project("{8BC9CEB8-8B4A-11D0-8D11-00A0C91BC942}") = "2.右值引用", "2.右值引用\2.右值引用.vcxproj", "{F89CD9A3-D373-4A51-A12B-66724D310E12}"
EndProject
Project("{8BC9CEB8-8B4A-11D0-8D11-00A0C91BC942}") = "3.lambda表达式", "3.lambda表达式\3.lambda表达式.vcxproj", "{D619E945-CFC6-4BBD-8EFF-0132D53A23AB}"
EndProject
Project("{8BC9CEB8-8B4A-11D0-8D11-00A0C91BC942}") = "4.线程库", "4.线程库\4.线程库.vcxproj", "{09593D44-BB25-4562-8AB8-864AF8B042F8}"
EndProject
Project("{8BC9CEB8-8B4A-11D0-8D11-00A0C91BC942}") = "5.智能指针", "5.智能指针\5.智能指针.vcxproj", "{0CB6D411-36CD-4C8D-BB8B-4C36C0356480}"
EndProject
Global
	GlobalSection(SolutionConfigurationPlatforms) = preSolution
		Debug|x64 = Debug|x64
		Debug|x86 = Debug|x86
		Release|x64 = Release|x64
		Release|x86 = Release|x86
	EndGlobalSection
	GlobalSection(ProjectConfigurationPlatforms) = postSolution
		{78D47FD8-5CF1-41B2-9860-39F0D39DBD74}.Debug|x64.ActiveCfg = Debug|x64
		{78D47FD8-5CF1-41B2-9860-39F0D39DBD74}.Debug|x64.Build.0 = Debug|x64
		{78D47FD8-5CF1-41B2-9860-39F0D39DBD74}.Debug|x86.ActiveCfg = Debug|Win32
		{78D47FD8-5CF1-41B2-9860-39F0D39DBD74}.Debug|x86.Build.0 = Debug|Win32
		{78D47FD8-5CF1-41B2-9860-39F0D39DBD74}.Release|x64.ActiveCfg = Release|x64
		{78D47FD8-5CF1-41B2-9860-39F0D39DBD74}.Release|x64.Build.0 = Release|x64
		{78D47FD8-5CF1-41B2-9860-39F0D39DBD74}.Release|x86.ActiveCfg = Release|Win32
		{78D47FD8-5CF1-41B2-9860-39F0D39DBD74}.Release|x86.Build.0 = Release|Win32
		{F89CD9A3-D373-4A51-A12B-66724D310E12}.Debug|x64.ActiveCfg = Debug|x64
		{F89CD9A3-D373-4A51-A12B-66724D310E12}.Debug|x64.Build.0 = Debug|x64
		{F89CD9A3-D373-4A51-A12B-66724D310E12}.Debug|x86.ActiveCfg = Debug|Win32
		{F89CD9A3-D373-4A51-A12B-66724D310E12}.Debug|x86.Build.0 = Debug|Win32
		{F89CD9A3-D373-4A51-A12B-66724D310E12}.Release|x64.ActiveCfg = Release|x64
		{F89CD9A3-D373-4A51-A12B-66724D310E12}.Release|x64.Build.0 = Release|x64
		{F89CD9A3-D373-4A51-A12B-66724D310E12}.Release|x86.ActiveCfg = Release|Win32
		{F89CD9A3-D373-4A51-A12B-66724D310E12}.Release|x86.Build.0 = Release|Win32
		{D619E945-CFC6-4BBD-8EFF-0132D53A23AB}.Debug|x64.ActiveCfg = Debug|x64
		{D619E945-CFC6-4BBD-8EFF-0132D53A23AB}.Debug|x64.Build.0 = Debug|x64
		{D619E945-CFC6-4BBD-8EFF-0132D53A23AB}.Debug|x86.ActiveCfg = Debug|Win32
		{D619E945-CFC6-4BBD-8EFF-0132D53A23AB}.Debug|x86.Build.0 = Debug|Win32
		{D619E945-CFC6-4BBD-8EFF-0132D53A23AB}.Release|x64.ActiveCfg = Release|x64
		{D619E945-CFC6-4BBD-8EFF-0132D53A23AB}.Release|x64.Build.0 = Release|x64
		{D619E945-CFC6-4BBD-8EFF-0132D53A23AB}.Release|x86.ActiveCfg = Release|Win32
		{D619E945-CFC6-4BBD-8EFF-0132D53A23AB}.Release|x86.Build.0 = Release|Win32
		{09593D44-BB25-4562-8AB8-864AF8B042F8}.Debug|x64.ActiveCfg = Debug|x64
		{09593D44-BB25-4562-8AB8-864AF8B042F8}.Debug|x64.Build.0 = Debug|x64
		{09593D44-BB25-4562-8AB8-864AF8B042F8}.Debug|x86.ActiveCfg = Debug|Win32
		{09593D44-BB25-4562-8AB8-864AF8B042F8}.Debug|x86.Build.0 = Debug|Win32
		{09593D44-BB25-4562-8AB8-864AF8B042F8}.Release|x64.ActiveCfg = Release|x64
		{09593D44-BB25-4562-8AB8-864AF8B042F8}.Release|x64.Build.0 = Release|x64
		{09593D44-BB25-4562-8AB8-864AF8B042F8}.Release|x86.ActiveCfg = Release|Win32
		{09593D44-BB25-4562-8AB8-864AF8B042F8}.Release|x86.Build.0 = Release|Win32
		{0CB6D411-36CD-4C8D-BB8B-4C36C0356480}.Debug|x64.ActiveCfg = Debug|x64
		{0CB6D411-36CD-4C8D-BB8B-4C36C0356480}.Debug|x64.Build.0 = Debug|x64
		{0CB6D411-36CD-4C8D-BB8B-4C36C0356480}.Debug|x86.ActiveCfg = Debug|Win32
		{0CB6D411-36CD-4C8D-BB8B-4C36C0356480}.Debug|x86.Build.0 = Debug|Win32
		{0CB6D411-36CD-4C8D-BB8B-4C36C0356480}.Release|x64.ActiveCfg = Release|x64
		{0CB6D411-36CD-4C8D-BB8B-4C36C0356480}.Release|x64.Build.0 = Release|x64
		{0CB6D411-36CD-4C8D-BB8B-4C36C0356480}.Release|x86.ActiveCfg = Release|Win32
		{0CB6D411-36CD-4C8D-BB8B-4C36C0356480}.Release|x86.Build.0 = Release|Win32
	EndGlobalSection
	GlobalSection(SolutionProperties) = preSolution
		HideSolutionNode = FALSE
	EndGlobalSection
	GlobalSection(ExtensibilityGlobals) = postSolution
		SolutionGuid = {20377675-02A0-422A-8288-2BA7A2558ABF}
	EndGlobalSection
EndGlobal
