
Microsoft Visual Studio Solution File, Format Version 12.00
# Visual Studio 15
VisualStudioVersion = 15.0.28307.1585
MinimumVisualStudioVersion = 10.0.40219.1
Project("{8BC9CEB8-8B4A-11D0-8D11-00A0C91BC942}") = "02类与对象", "02类与对象\02类与对象.vcxproj", "{8F293847-1611-43DF-A3FA-9584A7A249D3}"
EndProject
Project("{8BC9CEB8-8B4A-11D0-8D11-00A0C91BC942}") = "类与对象默认成员函数", "类与对象默认成员函数\类与对象默认成员函数.vcxproj", "{0902ED57-96F4-4D80-AE23-29B6DF08DC53}"
EndProject
Project("{8BC9CEB8-8B4A-11D0-8D11-00A0C91BC942}") = "日期类", "日期类\日期类.vcxproj", "{0637D215-D6D9-4C09-AE75-AEB467C71AD8}"
EndProject
Project("{8BC9CEB8-8B4A-11D0-8D11-00A0C91BC942}") = "类与对象下", "类与对象下\类与对象下.vcxproj", "{6BDF7D03-0BB0-4027-B3D4-E767BB5FC43A}"
EndProject
Global
	GlobalSection(SolutionConfigurationPlatforms) = preSolution
		Debug|x64 = Debug|x64
		Debug|x86 = Debug|x86
		Release|x64 = Release|x64
		Release|x86 = Release|x86
	EndGlobalSection
	GlobalSection(ProjectConfigurationPlatforms) = postSolution
		{8F293847-1611-43DF-A3FA-9584A7A249D3}.Debug|x64.ActiveCfg = Debug|x64
		{8F293847-1611-43DF-A3FA-9584A7A249D3}.Debug|x64.Build.0 = Debug|x64
		{8F293847-1611-43DF-A3FA-9584A7A249D3}.Debug|x86.ActiveCfg = Debug|Win32
		{8F293847-1611-43DF-A3FA-9584A7A249D3}.Debug|x86.Build.0 = Debug|Win32
		{8F293847-1611-43DF-A3FA-9584A7A249D3}.Release|x64.ActiveCfg = Release|x64
		{8F293847-1611-43DF-A3FA-9584A7A249D3}.Release|x64.Build.0 = Release|x64
		{8F293847-1611-43DF-A3FA-9584A7A249D3}.Release|x86.ActiveCfg = Release|Win32
		{8F293847-1611-43DF-A3FA-9584A7A249D3}.Release|x86.Build.0 = Release|Win32
		{0902ED57-96F4-4D80-AE23-29B6DF08DC53}.Debug|x64.ActiveCfg = Debug|x64
		{0902ED57-96F4-4D80-AE23-29B6DF08DC53}.Debug|x64.Build.0 = Debug|x64
		{0902ED57-96F4-4D80-AE23-29B6DF08DC53}.Debug|x86.ActiveCfg = Debug|Win32
		{0902ED57-96F4-4D80-AE23-29B6DF08DC53}.Debug|x86.Build.0 = Debug|Win32
		{0902ED57-96F4-4D80-AE23-29B6DF08DC53}.Release|x64.ActiveCfg = Release|x64
		{0902ED57-96F4-4D80-AE23-29B6DF08DC53}.Release|x64.Build.0 = Release|x64
		{0902ED57-96F4-4D80-AE23-29B6DF08DC53}.Release|x86.ActiveCfg = Release|Win32
		{0902ED57-96F4-4D80-AE23-29B6DF08DC53}.Release|x86.Build.0 = Release|Win32
		{0637D215-D6D9-4C09-AE75-AEB467C71AD8}.Debug|x64.ActiveCfg = Debug|x64
		{0637D215-D6D9-4C09-AE75-AEB467C71AD8}.Debug|x64.Build.0 = Debug|x64
		{0637D215-D6D9-4C09-AE75-AEB467C71AD8}.Debug|x86.ActiveCfg = Debug|Win32
		{0637D215-D6D9-4C09-AE75-AEB467C71AD8}.Debug|x86.Build.0 = Debug|Win32
		{0637D215-D6D9-4C09-AE75-AEB467C71AD8}.Release|x64.ActiveCfg = Release|x64
		{0637D215-D6D9-4C09-AE75-AEB467C71AD8}.Release|x64.Build.0 = Release|x64
		{0637D215-D6D9-4C09-AE75-AEB467C71AD8}.Release|x86.ActiveCfg = Release|Win32
		{0637D215-D6D9-4C09-AE75-AEB467C71AD8}.Release|x86.Build.0 = Release|Win32
		{6BDF7D03-0BB0-4027-B3D4-E767BB5FC43A}.Debug|x64.ActiveCfg = Debug|x64
		{6BDF7D03-0BB0-4027-B3D4-E767BB5FC43A}.Debug|x64.Build.0 = Debug|x64
		{6BDF7D03-0BB0-4027-B3D4-E767BB5FC43A}.Debug|x86.ActiveCfg = Debug|Win32
		{6BDF7D03-0BB0-4027-B3D4-E767BB5FC43A}.Debug|x86.Build.0 = Debug|Win32
		{6BDF7D03-0BB0-4027-B3D4-E767BB5FC43A}.Release|x64.ActiveCfg = Release|x64
		{6BDF7D03-0BB0-4027-B3D4-E767BB5FC43A}.Release|x64.Build.0 = Release|x64
		{6BDF7D03-0BB0-4027-B3D4-E767BB5FC43A}.Release|x86.ActiveCfg = Release|Win32
		{6BDF7D03-0BB0-4027-B3D4-E767BB5FC43A}.Release|x86.Build.0 = Release|Win32
	EndGlobalSection
	GlobalSection(SolutionProperties) = preSolution
		HideSolutionNode = FALSE
	EndGlobalSection
	GlobalSection(ExtensibilityGlobals) = postSolution
		SolutionGuid = {BED2670D-8E19-490E-AFB4-575B4ED58B05}
	EndGlobalSection
EndGlobal
